
Microsoft Visual Studio Solution File, Format Version 12.00
# Visual Studio Version 17
VisualStudioVersion = 17.1.32210.238
MinimumVisualStudioVersion = 10.0.40219.1
Project("{FAE04EC0-301F-11D3-BF4B-00C04F79EFBC}") = "mukhanov_laba_1", "mukhanov_laba_1\mukhanov_laba_1.csproj", "{955D00B9-C1B3-4775-97EF-706747317356}"
EndProject
Global
	GlobalSection(SolutionConfigurationPlatforms) = preSolution
		Debug|Any CPU = Debug|Any CPU
		Release|Any CPU = Release|Any CPU
	EndGlobalSection
	GlobalSection(ProjectConfigurationPlatforms) = postSolution
		{955D00B9-C1B3-4775-97EF-706747317356}.Debug|Any CPU.ActiveCfg = Debug|Any CPU
		{955D00B9-C1B3-4775-97EF-706747317356}.Debug|Any CPU.Build.0 = Debug|Any CPU
		{955D00B9-C1B3-4775-97EF-706747317356}.Release|Any CPU.ActiveCfg = Release|Any CPU
		{955D00B9-C1B3-4775-97EF-706747317356}.Release|Any CPU.Build.0 = Release|Any CPU
	EndGlobalSection
	GlobalSection(SolutionProperties) = preSolution
		HideSolutionNode = FALSE
	EndGlobalSection
	GlobalSection(ExtensibilityGlobals) = postSolution
		SolutionGuid = {19F680A5-4A3C-4E6D-A895-100E50FA609F}
	EndGlobalSection
EndGlobal
